
Microsoft Visual Studio Solution File, Format Version 12.00
# Visual Studio Version 17
VisualStudioVersion = 17.4.33122.133
MinimumVisualStudioVersion = 10.0.40219.1
Project("{FAE04EC0-301F-11D3-BF4B-00C04F79EFBC}") = "ShortUrl", "ShortUrl\ShortUrl.csproj", "{F5F448FB-6147-47BC-B569-EC894574F7FE}"
EndProject
Global
	GlobalSection(SolutionConfigurationPlatforms) = preSolution
		Debug|Any CPU = Debug|Any CPU
		Release|Any CPU = Release|Any CPU
	EndGlobalSection
	GlobalSection(ProjectConfigurationPlatforms) = postSolution
		{F5F448FB-6147-47BC-B569-EC894574F7FE}.Debug|Any CPU.ActiveCfg = Debug|Any CPU
		{F5F448FB-6147-47BC-B569-EC894574F7FE}.Debug|Any CPU.Build.0 = Debug|Any CPU
		{F5F448FB-6147-47BC-B569-EC894574F7FE}.Release|Any CPU.ActiveCfg = Release|Any CPU
		{F5F448FB-6147-47BC-B569-EC894574F7FE}.Release|Any CPU.Build.0 = Release|Any CPU
	EndGlobalSection
	GlobalSection(SolutionProperties) = preSolution
		HideSolutionNode = FALSE
	EndGlobalSection
	GlobalSection(ExtensibilityGlobals) = postSolution
		SolutionGuid = {0A588379-04F2-4E83-98D1-99AABFFAA363}
	EndGlobalSection
EndGlobal
